// !$*UTF8*$!
{
	archiveVersion = 1;
	classes = {
	};
	objectVersion = 56;
	objects = {

/* Begin PBXBuildFile section */
		3C6BD3CF2AE341AF00713AF9 /* ExchangeRatesAppApp.swift in Sources */ = {isa = PBXBuildFile; fileRef = 3C6BD3CE2AE341AF00713AF9 /* ExchangeRatesAppApp.swift */; };
		3C6BD3D12AE341AF00713AF9 /* ContentView.swift in Sources */ = {isa = PBXBuildFile; fileRef = 3C6BD3D02AE341AF00713AF9 /* ContentView.swift */; };
		3C6BD3D32AE341B100713AF9 /* Assets.xcassets in Resources */ = {isa = PBXBuildFile; fileRef = 3C6BD3D22AE341B100713AF9 /* Assets.xcassets */; };
		3C6BD3D62AE341B100713AF9 /* Preview Assets.xcassets in Resources */ = {isa = PBXBuildFile; fileRef = 3C6BD3D52AE341B100713AF9 /* Preview Assets.xcassets */; };
		3C6BD3E12AE3426C00713AF9 /* RatesApi.swift in Sources */ = {isa = PBXBuildFile; fileRef = 3C6BD3E02AE3426C00713AF9 /* RatesApi.swift */; };
		3C6BD3E72AE34C5600713AF9 /* RatesRouter.swift in Sources */ = {isa = PBXBuildFile; fileRef = 3C6BD3E62AE34C5600713AF9 /* RatesRouter.swift */; };
		3C6BD3E92AE34C7000713AF9 /* CurrencyRouter.swift in Sources */ = {isa = PBXBuildFile; fileRef = 3C6BD3E82AE34C7000713AF9 /* CurrencyRouter.swift */; };
		3C6BD3EC2AE3568C00713AF9 /* BaseStore.swift in Sources */ = {isa = PBXBuildFile; fileRef = 3C6BD3EB2AE3568C00713AF9 /* BaseStore.swift */; };
		3C6BD3EF2AE3598300713AF9 /* RatesFluctuationObject.swift in Sources */ = {isa = PBXBuildFile; fileRef = 3C6BD3EE2AE3598300713AF9 /* RatesFluctuationObject.swift */; };
		3CB1F1D92AE40DDE005176C9 /* CurrencySymbolObject.swift in Sources */ = {isa = PBXBuildFile; fileRef = 3CB1F1D82AE40DDE005176C9 /* CurrencySymbolObject.swift */; };
		3CB1F1DB2AE40E6B005176C9 /* RatesHistoricalObject.swift in Sources */ = {isa = PBXBuildFile; fileRef = 3CB1F1DA2AE40E6B005176C9 /* RatesHistoricalObject.swift */; };
		3CB1F1DD2AE4257A005176C9 /* RatesStore.swift in Sources */ = {isa = PBXBuildFile; fileRef = 3CB1F1DC2AE4257A005176C9 /* RatesStore.swift */; };
		3CB1F1DF2AE4258C005176C9 /* CurrencyStore.swift in Sources */ = {isa = PBXBuildFile; fileRef = 3CB1F1DE2AE4258C005176C9 /* CurrencyStore.swift */; };
		3CB1F1E22AE43404005176C9 /* DataProviderManager.swift in Sources */ = {isa = PBXBuildFile; fileRef = 3CB1F1E12AE43404005176C9 /* DataProviderManager.swift */; };
		3CB1F1E52AE43606005176C9 /* RatesFluctuationDataProvider.swift in Sources */ = {isa = PBXBuildFile; fileRef = 3CB1F1E42AE43606005176C9 /* RatesFluctuationDataProvider.swift */; };
		3CB1F1E72AE438F4005176C9 /* RatesHistoricalDataProvider.swift in Sources */ = {isa = PBXBuildFile; fileRef = 3CB1F1E62AE438F4005176C9 /* RatesHistoricalDataProvider.swift */; };
		3CB1F1EC2AE43A34005176C9 /* CurrencySymbolsDataProvider.swift in Sources */ = {isa = PBXBuildFile; fileRef = 3CB1F1EB2AE43A34005176C9 /* CurrencySymbolsDataProvider.swift */; };
/* End PBXBuildFile section */

/* Begin PBXFileReference section */
		3C6BD3CB2AE341AF00713AF9 /* ExchangeRatesApp.app */ = {isa = PBXFileReference; explicitFileType = wrapper.application; includeInIndex = 0; path = ExchangeRatesApp.app; sourceTree = BUILT_PRODUCTS_DIR; };
		3C6BD3CE2AE341AF00713AF9 /* ExchangeRatesAppApp.swift */ = {isa = PBXFileReference; lastKnownFileType = sourcecode.swift; path = ExchangeRatesAppApp.swift; sourceTree = "<group>"; };
		3C6BD3D02AE341AF00713AF9 /* ContentView.swift */ = {isa = PBXFileReference; lastKnownFileType = sourcecode.swift; path = ContentView.swift; sourceTree = "<group>"; };
		3C6BD3D22AE341B100713AF9 /* Assets.xcassets */ = {isa = PBXFileReference; lastKnownFileType = folder.assetcatalog; path = Assets.xcassets; sourceTree = "<group>"; };
		3C6BD3D52AE341B100713AF9 /* Preview Assets.xcassets */ = {isa = PBXFileReference; lastKnownFileType = folder.assetcatalog; path = "Preview Assets.xcassets"; sourceTree = "<group>"; };
		3C6BD3E02AE3426C00713AF9 /* RatesApi.swift */ = {isa = PBXFileReference; lastKnownFileType = sourcecode.swift; path = RatesApi.swift; sourceTree = "<group>"; };
		3C6BD3E62AE34C5600713AF9 /* RatesRouter.swift */ = {isa = PBXFileReference; lastKnownFileType = sourcecode.swift; path = RatesRouter.swift; sourceTree = "<group>"; };
		3C6BD3E82AE34C7000713AF9 /* CurrencyRouter.swift */ = {isa = PBXFileReference; lastKnownFileType = sourcecode.swift; path = CurrencyRouter.swift; sourceTree = "<group>"; };
		3C6BD3EB2AE3568C00713AF9 /* BaseStore.swift */ = {isa = PBXFileReference; lastKnownFileType = sourcecode.swift; path = BaseStore.swift; sourceTree = "<group>"; };
		3C6BD3EE2AE3598300713AF9 /* RatesFluctuationObject.swift */ = {isa = PBXFileReference; lastKnownFileType = sourcecode.swift; path = RatesFluctuationObject.swift; sourceTree = "<group>"; };
		3CB1F1D82AE40DDE005176C9 /* CurrencySymbolObject.swift */ = {isa = PBXFileReference; lastKnownFileType = sourcecode.swift; path = CurrencySymbolObject.swift; sourceTree = "<group>"; };
		3CB1F1DA2AE40E6B005176C9 /* RatesHistoricalObject.swift */ = {isa = PBXFileReference; lastKnownFileType = sourcecode.swift; path = RatesHistoricalObject.swift; sourceTree = "<group>"; };
		3CB1F1DC2AE4257A005176C9 /* RatesStore.swift */ = {isa = PBXFileReference; lastKnownFileType = sourcecode.swift; path = RatesStore.swift; sourceTree = "<group>"; };
		3CB1F1DE2AE4258C005176C9 /* CurrencyStore.swift */ = {isa = PBXFileReference; lastKnownFileType = sourcecode.swift; path = CurrencyStore.swift; sourceTree = "<group>"; };
		3CB1F1E12AE43404005176C9 /* DataProviderManager.swift */ = {isa = PBXFileReference; lastKnownFileType = sourcecode.swift; path = DataProviderManager.swift; sourceTree = "<group>"; };
		3CB1F1E42AE43606005176C9 /* RatesFluctuationDataProvider.swift */ = {isa = PBXFileReference; lastKnownFileType = sourcecode.swift; path = RatesFluctuationDataProvider.swift; sourceTree = "<group>"; };
		3CB1F1E62AE438F4005176C9 /* RatesHistoricalDataProvider.swift */ = {isa = PBXFileReference; lastKnownFileType = sourcecode.swift; path = RatesHistoricalDataProvider.swift; sourceTree = "<group>"; };
		3CB1F1EB2AE43A34005176C9 /* CurrencySymbolsDataProvider.swift */ = {isa = PBXFileReference; lastKnownFileType = sourcecode.swift; path = CurrencySymbolsDataProvider.swift; sourceTree = "<group>"; };
		3CB1F1ED2AE46597005176C9 /* Info.plist */ = {isa = PBXFileReference; lastKnownFileType = text.plist; path = Info.plist; sourceTree = "<group>"; };
/* End PBXFileReference section */

/* Begin PBXFrameworksBuildPhase section */
		3C6BD3C82AE341AF00713AF9 /* Frameworks */ = {
			isa = PBXFrameworksBuildPhase;
			buildActionMask = 2147483647;
			files = (
			);
			runOnlyForDeploymentPostprocessing = 0;
		};
/* End PBXFrameworksBuildPhase section */

/* Begin PBXGroup section */
		3C6BD3C22AE341AF00713AF9 = {
			isa = PBXGroup;
			children = (
				3C6BD3CD2AE341AF00713AF9 /* ExchangeRatesApp */,
				3C6BD3CC2AE341AF00713AF9 /* Products */,
			);
			sourceTree = "<group>";
		};
		3C6BD3CC2AE341AF00713AF9 /* Products */ = {
			isa = PBXGroup;
			children = (
				3C6BD3CB2AE341AF00713AF9 /* ExchangeRatesApp.app */,
			);
			name = Products;
			sourceTree = "<group>";
		};
		3C6BD3CD2AE341AF00713AF9 /* ExchangeRatesApp */ = {
			isa = PBXGroup;
			children = (
				3CB1F1ED2AE46597005176C9 /* Info.plist */,
				3C6BD3DC2AE3421300713AF9 /* DataProviders */,
				3C6BD3CE2AE341AF00713AF9 /* ExchangeRatesAppApp.swift */,
				3C6BD3D02AE341AF00713AF9 /* ContentView.swift */,
				3C6BD3D22AE341B100713AF9 /* Assets.xcassets */,
				3C6BD3D42AE341B100713AF9 /* Preview Content */,
			);
			path = ExchangeRatesApp;
			sourceTree = "<group>";
		};
		3C6BD3D42AE341B100713AF9 /* Preview Content */ = {
			isa = PBXGroup;
			children = (
				3C6BD3D52AE341B100713AF9 /* Preview Assets.xcassets */,
			);
			path = "Preview Content";
			sourceTree = "<group>";
		};
		3C6BD3DC2AE3421300713AF9 /* DataProviders */ = {
			isa = PBXGroup;
			children = (
				3CB1F1E82AE439C5005176C9 /* CurrencySymbolsDataProvider */,
				3CB1F1E32AE435C9005176C9 /* RatesDataProvider */,
				3C6BD3DD2AE3421E00713AF9 /* NetworkRepository */,
				3CB1F1E12AE43404005176C9 /* DataProviderManager.swift */,
			);
			path = DataProviders;
			sourceTree = "<group>";
		};
		3C6BD3DD2AE3421E00713AF9 /* NetworkRepository */ = {
			isa = PBXGroup;
			children = (
				3C6BD3ED2AE3593B00713AF9 /* Objects */,
				3C6BD3EA2AE3566300713AF9 /* Stores */,
				3C6BD3E32AE34B6A00713AF9 /* Routers */,
				3C6BD3DE2AE3424000713AF9 /* APIs */,
			);
			path = NetworkRepository;
			sourceTree = "<group>";
		};
		3C6BD3DE2AE3424000713AF9 /* APIs */ = {
			isa = PBXGroup;
			children = (
				3C6BD3E02AE3426C00713AF9 /* RatesApi.swift */,
			);
			path = APIs;
			sourceTree = "<group>";
		};
		3C6BD3E32AE34B6A00713AF9 /* Routers */ = {
			isa = PBXGroup;
			children = (
				3C6BD3E62AE34C5600713AF9 /* RatesRouter.swift */,
				3C6BD3E82AE34C7000713AF9 /* CurrencyRouter.swift */,
			);
			path = Routers;
			sourceTree = "<group>";
		};
		3C6BD3EA2AE3566300713AF9 /* Stores */ = {
			isa = PBXGroup;
			children = (
				3C6BD3EB2AE3568C00713AF9 /* BaseStore.swift */,
				3CB1F1DC2AE4257A005176C9 /* RatesStore.swift */,
				3CB1F1DE2AE4258C005176C9 /* CurrencyStore.swift */,
			);
			path = Stores;
			sourceTree = "<group>";
		};
		3C6BD3ED2AE3593B00713AF9 /* Objects */ = {
			isa = PBXGroup;
			children = (
				3C6BD3EE2AE3598300713AF9 /* RatesFluctuationObject.swift */,
				3CB1F1D82AE40DDE005176C9 /* CurrencySymbolObject.swift */,
				3CB1F1DA2AE40E6B005176C9 /* RatesHistoricalObject.swift */,
			);
			path = Objects;
			sourceTree = "<group>";
		};
		3CB1F1E32AE435C9005176C9 /* RatesDataProvider */ = {
			isa = PBXGroup;
			children = (
				3CB1F1E42AE43606005176C9 /* RatesFluctuationDataProvider.swift */,
				3CB1F1E62AE438F4005176C9 /* RatesHistoricalDataProvider.swift */,
			);
			path = RatesDataProvider;
			sourceTree = "<group>";
		};
		3CB1F1E82AE439C5005176C9 /* CurrencySymbolsDataProvider */ = {
			isa = PBXGroup;
			children = (
				3CB1F1EB2AE43A34005176C9 /* CurrencySymbolsDataProvider.swift */,
			);
			path = CurrencySymbolsDataProvider;
			sourceTree = "<group>";
		};
/* End PBXGroup section */

/* Begin PBXNativeTarget section */
		3C6BD3CA2AE341AF00713AF9 /* ExchangeRatesApp */ = {
			isa = PBXNativeTarget;
			buildConfigurationList = 3C6BD3D92AE341B100713AF9 /* Build configuration list for PBXNativeTarget "ExchangeRatesApp" */;
			buildPhases = (
				3C6BD3C72AE341AF00713AF9 /* Sources */,
				3C6BD3C82AE341AF00713AF9 /* Frameworks */,
				3C6BD3C92AE341AF00713AF9 /* Resources */,
			);
			buildRules = (
			);
			dependencies = (
			);
			name = ExchangeRatesApp;
			productName = ExchangeRatesApp;
			productReference = 3C6BD3CB2AE341AF00713AF9 /* ExchangeRatesApp.app */;
			productType = "com.apple.product-type.application";
		};
/* End PBXNativeTarget section */

/* Begin PBXProject section */
		3C6BD3C32AE341AF00713AF9 /* Project object */ = {
			isa = PBXProject;
			attributes = {
				BuildIndependentTargetsInParallel = 1;
				LastSwiftUpdateCheck = 1430;
				LastUpgradeCheck = 1430;
				TargetAttributes = {
					3C6BD3CA2AE341AF00713AF9 = {
						CreatedOnToolsVersion = 14.3.1;
					};
				};
			};
			buildConfigurationList = 3C6BD3C62AE341AF00713AF9 /* Build configuration list for PBXProject "ExchangeRatesApp" */;
			compatibilityVersion = "Xcode 14.0";
			developmentRegion = en;
			hasScannedForEncodings = 0;
			knownRegions = (
				en,
				Base,
			);
			mainGroup = 3C6BD3C22AE341AF00713AF9;
			productRefGroup = 3C6BD3CC2AE341AF00713AF9 /* Products */;
			projectDirPath = "";
			projectRoot = "";
			targets = (
				3C6BD3CA2AE341AF00713AF9 /* ExchangeRatesApp */,
			);
		};
/* End PBXProject section */

/* Begin PBXResourcesBuildPhase section */
		3C6BD3C92AE341AF00713AF9 /* Resources */ = {
			isa = PBXResourcesBuildPhase;
			buildActionMask = 2147483647;
			files = (
				3C6BD3D62AE341B100713AF9 /* Preview Assets.xcassets in Resources */,
				3C6BD3D32AE341B100713AF9 /* Assets.xcassets in Resources */,
			);
			runOnlyForDeploymentPostprocessing = 0;
		};
/* End PBXResourcesBuildPhase section */

/* Begin PBXSourcesBuildPhase section */
		3C6BD3C72AE341AF00713AF9 /* Sources */ = {
			isa = PBXSourcesBuildPhase;
			buildActionMask = 2147483647;
			files = (
				3C6BD3E92AE34C7000713AF9 /* CurrencyRouter.swift in Sources */,
				3C6BD3E72AE34C5600713AF9 /* RatesRouter.swift in Sources */,
				3C6BD3EC2AE3568C00713AF9 /* BaseStore.swift in Sources */,
				3CB1F1DB2AE40E6B005176C9 /* RatesHistoricalObject.swift in Sources */,
				3C6BD3D12AE341AF00713AF9 /* ContentView.swift in Sources */,
				3C6BD3CF2AE341AF00713AF9 /* ExchangeRatesAppApp.swift in Sources */,
				3CB1F1E72AE438F4005176C9 /* RatesHistoricalDataProvider.swift in Sources */,
				3CB1F1D92AE40DDE005176C9 /* CurrencySymbolObject.swift in Sources */,
				3CB1F1DD2AE4257A005176C9 /* RatesStore.swift in Sources */,
				3CB1F1E22AE43404005176C9 /* DataProviderManager.swift in Sources */,
				3CB1F1EC2AE43A34005176C9 /* CurrencySymbolsDataProvider.swift in Sources */,
				3C6BD3EF2AE3598300713AF9 /* RatesFluctuationObject.swift in Sources */,
				3C6BD3E12AE3426C00713AF9 /* RatesApi.swift in Sources */,
				3CB1F1E52AE43606005176C9 /* RatesFluctuationDataProvider.swift in Sources */,
				3CB1F1DF2AE4258C005176C9 /* CurrencyStore.swift in Sources */,
			);
			runOnlyForDeploymentPostprocessing = 0;
		};
/* End PBXSourcesBuildPhase section */

/* Begin XCBuildConfiguration section */
		3C6BD3D72AE341B100713AF9 /* Debug */ = {
			isa = XCBuildConfiguration;
			buildSettings = {
				ALWAYS_SEARCH_USER_PATHS = NO;
				CLANG_ANALYZER_NONNULL = YES;
				CLANG_ANALYZER_NUMBER_OBJECT_CONVERSION = YES_AGGRESSIVE;
				CLANG_CXX_LANGUAGE_STANDARD = "gnu++20";
				CLANG_ENABLE_MODULES = YES;
				CLANG_ENABLE_OBJC_ARC = YES;
				CLANG_ENABLE_OBJC_WEAK = YES;
				CLANG_WARN_BLOCK_CAPTURE_AUTORELEASING = YES;
				CLANG_WARN_BOOL_CONVERSION = YES;
				CLANG_WARN_COMMA = YES;
				CLANG_WARN_CONSTANT_CONVERSION = YES;
				CLANG_WARN_DEPRECATED_OBJC_IMPLEMENTATIONS = YES;
				CLANG_WARN_DIRECT_OBJC_ISA_USAGE = YES_ERROR;
				CLANG_WARN_DOCUMENTATION_COMMENTS = YES;
				CLANG_WARN_EMPTY_BODY = YES;
				CLANG_WARN_ENUM_CONVERSION = YES;
				CLANG_WARN_INFINITE_RECURSION = YES;
				CLANG_WARN_INT_CONVERSION = YES;
				CLANG_WARN_NON_LITERAL_NULL_CONVERSION = YES;
				CLANG_WARN_OBJC_IMPLICIT_RETAIN_SELF = YES;
				CLANG_WARN_OBJC_LITERAL_CONVERSION = YES;
				CLANG_WARN_OBJC_ROOT_CLASS = YES_ERROR;
				CLANG_WARN_QUOTED_INCLUDE_IN_FRAMEWORK_HEADER = YES;
				CLANG_WARN_RANGE_LOOP_ANALYSIS = YES;
				CLANG_WARN_STRICT_PROTOTYPES = YES;
				CLANG_WARN_SUSPICIOUS_MOVE = YES;
				CLANG_WARN_UNGUARDED_AVAILABILITY = YES_AGGRESSIVE;
				CLANG_WARN_UNREACHABLE_CODE = YES;
				CLANG_WARN__DUPLICATE_METHOD_MATCH = YES;
				COPY_PHASE_STRIP = NO;
				DEBUG_INFORMATION_FORMAT = dwarf;
				ENABLE_STRICT_OBJC_MSGSEND = YES;
				ENABLE_TESTABILITY = YES;
				GCC_C_LANGUAGE_STANDARD = gnu11;
				GCC_DYNAMIC_NO_PIC = NO;
				GCC_NO_COMMON_BLOCKS = YES;
				GCC_OPTIMIZATION_LEVEL = 0;
				GCC_PREPROCESSOR_DEFINITIONS = (
					"DEBUG=1",
					"$(inherited)",
				);
				GCC_WARN_64_TO_32_BIT_CONVERSION = YES;
				GCC_WARN_ABOUT_RETURN_TYPE = YES_ERROR;
				GCC_WARN_UNDECLARED_SELECTOR = YES;
				GCC_WARN_UNINITIALIZED_AUTOS = YES_AGGRESSIVE;
				GCC_WARN_UNUSED_FUNCTION = YES;
				GCC_WARN_UNUSED_VARIABLE = YES;
				IPHONEOS_DEPLOYMENT_TARGET = 16.4;
				MTL_ENABLE_DEBUG_INFO = INCLUDE_SOURCE;
				MTL_FAST_MATH = YES;
				ONLY_ACTIVE_ARCH = YES;
				SDKROOT = iphoneos;
				SWIFT_ACTIVE_COMPILATION_CONDITIONS = DEBUG;
				SWIFT_OPTIMIZATION_LEVEL = "-Onone";
			};
			name = Debug;
		};
		3C6BD3D82AE341B100713AF9 /* Release */ = {
			isa = XCBuildConfiguration;
			buildSettings = {
				ALWAYS_SEARCH_USER_PATHS = NO;
				CLANG_ANALYZER_NONNULL = YES;
				CLANG_ANALYZER_NUMBER_OBJECT_CONVERSION = YES_AGGRESSIVE;
				CLANG_CXX_LANGUAGE_STANDARD = "gnu++20";
				CLANG_ENABLE_MODULES = YES;
				CLANG_ENABLE_OBJC_ARC = YES;
				CLANG_ENABLE_OBJC_WEAK = YES;
				CLANG_WARN_BLOCK_CAPTURE_AUTORELEASING = YES;
				CLANG_WARN_BOOL_CONVERSION = YES;
				CLANG_WARN_COMMA = YES;
				CLANG_WARN_CONSTANT_CONVERSION = YES;
				CLANG_WARN_DEPRECATED_OBJC_IMPLEMENTATIONS = YES;
				CLANG_WARN_DIRECT_OBJC_ISA_USAGE = YES_ERROR;
				CLANG_WARN_DOCUMENTATION_COMMENTS = YES;
				CLANG_WARN_EMPTY_BODY = YES;
				CLANG_WARN_ENUM_CONVERSION = YES;
				CLANG_WARN_INFINITE_RECURSION = YES;
				CLANG_WARN_INT_CONVERSION = YES;
				CLANG_WARN_NON_LITERAL_NULL_CONVERSION = YES;
				CLANG_WARN_OBJC_IMPLICIT_RETAIN_SELF = YES;
				CLANG_WARN_OBJC_LITERAL_CONVERSION = YES;
				CLANG_WARN_OBJC_ROOT_CLASS = YES_ERROR;
				CLANG_WARN_QUOTED_INCLUDE_IN_FRAMEWORK_HEADER = YES;
				CLANG_WARN_RANGE_LOOP_ANALYSIS = YES;
				CLANG_WARN_STRICT_PROTOTYPES = YES;
				CLANG_WARN_SUSPICIOUS_MOVE = YES;
				CLANG_WARN_UNGUARDED_AVAILABILITY = YES_AGGRESSIVE;
				CLANG_WARN_UNREACHABLE_CODE = YES;
				CLANG_WARN__DUPLICATE_METHOD_MATCH = YES;
				COPY_PHASE_STRIP = NO;
				DEBUG_INFORMATION_FORMAT = "dwarf-with-dsym";
				ENABLE_NS_ASSERTIONS = NO;
				ENABLE_STRICT_OBJC_MSGSEND = YES;
				GCC_C_LANGUAGE_STANDARD = gnu11;
				GCC_NO_COMMON_BLOCKS = YES;
				GCC_WARN_64_TO_32_BIT_CONVERSION = YES;
				GCC_WARN_ABOUT_RETURN_TYPE = YES_ERROR;
				GCC_WARN_UNDECLARED_SELECTOR = YES;
				GCC_WARN_UNINITIALIZED_AUTOS = YES_AGGRESSIVE;
				GCC_WARN_UNUSED_FUNCTION = YES;
				GCC_WARN_UNUSED_VARIABLE = YES;
				IPHONEOS_DEPLOYMENT_TARGET = 16.4;
				MTL_ENABLE_DEBUG_INFO = NO;
				MTL_FAST_MATH = YES;
				SDKROOT = iphoneos;
				SWIFT_COMPILATION_MODE = wholemodule;
				SWIFT_OPTIMIZATION_LEVEL = "-O";
				VALIDATE_PRODUCT = YES;
			};
			name = Release;
		};
		3C6BD3DA2AE341B100713AF9 /* Debug */ = {
			isa = XCBuildConfiguration;
			buildSettings = {
				ASSETCATALOG_COMPILER_APPICON_NAME = AppIcon;
				ASSETCATALOG_COMPILER_GLOBAL_ACCENT_COLOR_NAME = AccentColor;
				CODE_SIGN_STYLE = Automatic;
				CURRENT_PROJECT_VERSION = 1;
				DEVELOPMENT_ASSET_PATHS = "\"ExchangeRatesApp/Preview Content\"";
				DEVELOPMENT_TEAM = Z74KSCN7KN;
				ENABLE_PREVIEWS = YES;
				GENERATE_INFOPLIST_FILE = YES;
				INFOPLIST_FILE = ExchangeRatesApp/Info.plist;
				INFOPLIST_KEY_LSApplicationCategoryType = "public.app-category.finance";
				INFOPLIST_KEY_UIApplicationSceneManifest_Generation = YES;
				INFOPLIST_KEY_UIApplicationSupportsIndirectInputEvents = YES;
				INFOPLIST_KEY_UILaunchScreen_Generation = YES;
				INFOPLIST_KEY_UISupportedInterfaceOrientations = UIInterfaceOrientationPortrait;
				INFOPLIST_KEY_UISupportedInterfaceOrientations_iPad = "UIInterfaceOrientationLandscapeLeft UIInterfaceOrientationLandscapeRight UIInterfaceOrientationPortrait UIInterfaceOrientationPortraitUpsideDown";
				LD_RUNPATH_SEARCH_PATHS = (
					"$(inherited)",
					"@executable_path/Frameworks",
				);
				MARKETING_VERSION = 1.0;
				PRODUCT_BUNDLE_IDENTIFIER = glaubergustavo.ExchangeRatesApp;
				PRODUCT_NAME = "$(TARGET_NAME)";
				SUPPORTED_PLATFORMS = "iphoneos iphonesimulator";
				SUPPORTS_MACCATALYST = NO;
				SUPPORTS_MAC_DESIGNED_FOR_IPHONE_IPAD = NO;
				SWIFT_EMIT_LOC_STRINGS = YES;
				SWIFT_VERSION = 5.0;
				TARGETED_DEVICE_FAMILY = 1;
			};
			name = Debug;
		};
		3C6BD3DB2AE341B100713AF9 /* Release */ = {
			isa = XCBuildConfiguration;
			buildSettings = {
				ASSETCATALOG_COMPILER_APPICON_NAME = AppIcon;
				ASSETCATALOG_COMPILER_GLOBAL_ACCENT_COLOR_NAME = AccentColor;
				CODE_SIGN_STYLE = Automatic;
				CURRENT_PROJECT_VERSION = 1;
				DEVELOPMENT_ASSET_PATHS = "\"ExchangeRatesApp/Preview Content\"";
				DEVELOPMENT_TEAM = Z74KSCN7KN;
				ENABLE_PREVIEWS = YES;
				GENERATE_INFOPLIST_FILE = YES;
				INFOPLIST_FILE = ExchangeRatesApp/Info.plist;
				INFOPLIST_KEY_LSApplicationCategoryType = "public.app-category.finance";
				INFOPLIST_KEY_UIApplicationSceneManifest_Generation = YES;
				INFOPLIST_KEY_UIApplicationSupportsIndirectInputEvents = YES;
				INFOPLIST_KEY_UILaunchScreen_Generation = YES;
				INFOPLIST_KEY_UISupportedInterfaceOrientations = UIInterfaceOrientationPortrait;
				INFOPLIST_KEY_UISupportedInterfaceOrientations_iPad = "UIInterfaceOrientationLandscapeLeft UIInterfaceOrientationLandscapeRight UIInterfaceOrientationPortrait UIInterfaceOrientationPortraitUpsideDown";
				LD_RUNPATH_SEARCH_PATHS = (
					"$(inherited)",
					"@executable_path/Frameworks",
				);
				MARKETING_VERSION = 1.0;
				PRODUCT_BUNDLE_IDENTIFIER = glaubergustavo.ExchangeRatesApp;
				PRODUCT_NAME = "$(TARGET_NAME)";
				SUPPORTED_PLATFORMS = "iphoneos iphonesimulator";
				SUPPORTS_MACCATALYST = NO;
				SUPPORTS_MAC_DESIGNED_FOR_IPHONE_IPAD = NO;
				SWIFT_EMIT_LOC_STRINGS = YES;
				SWIFT_VERSION = 5.0;
				TARGETED_DEVICE_FAMILY = 1;
			};
			name = Release;
		};
/* End XCBuildConfiguration section */

/* Begin XCConfigurationList section */
		3C6BD3C62AE341AF00713AF9 /* Build configuration list for PBXProject "ExchangeRatesApp" */ = {
			isa = XCConfigurationList;
			buildConfigurations = (
				3C6BD3D72AE341B100713AF9 /* Debug */,
				3C6BD3D82AE341B100713AF9 /* Release */,
			);
			defaultConfigurationIsVisible = 0;
			defaultConfigurationName = Release;
		};
		3C6BD3D92AE341B100713AF9 /* Build configuration list for PBXNativeTarget "ExchangeRatesApp" */ = {
			isa = XCConfigurationList;
			buildConfigurations = (
				3C6BD3DA2AE341B100713AF9 /* Debug */,
				3C6BD3DB2AE341B100713AF9 /* Release */,
			);
			defaultConfigurationIsVisible = 0;
			defaultConfigurationName = Release;
		};
/* End XCConfigurationList section */
	};
	rootObject = 3C6BD3C32AE341AF00713AF9 /* Project object */;
}
